// !$*UTF8*$!
{
	archiveVersion = 1;
	classes = {
	};
	objectVersion = 56;
	objects = {

/* Begin PBXBuildFile section */
		CE62C7FA29F66EA600E3BB50 /* Platinum_iOSApp.swift in Sources */ = {isa = PBXBuildFile; fileRef = CE62C7F929F66EA600E3BB50 /* Platinum_iOSApp.swift */; };
		CE62C7FC29F66EA600E3BB50 /* ContentView.swift in Sources */ = {isa = PBXBuildFile; fileRef = CE62C7FB29F66EA600E3BB50 /* ContentView.swift */; };
		CE62C7FE29F66EA700E3BB50 /* Assets.xcassets in Resources */ = {isa = PBXBuildFile; fileRef = CE62C7FD29F66EA700E3BB50 /* Assets.xcassets */; };
		CE62C80129F66EA700E3BB50 /* Preview Assets.xcassets in Resources */ = {isa = PBXBuildFile; fileRef = CE62C80029F66EA700E3BB50 /* Preview Assets.xcassets */; };
		CE62C80B29F675AD00E3BB50 /* Game.swift in Sources */ = {isa = PBXBuildFile; fileRef = CE62C80A29F675AD00E3BB50 /* Game.swift */; };
		CE62C80D29F6779800E3BB50 /* Achivement.swift in Sources */ = {isa = PBXBuildFile; fileRef = CE62C80C29F6779800E3BB50 /* Achivement.swift */; };
		CE62C80F29F6780300E3BB50 /* CommentModel.swift in Sources */ = {isa = PBXBuildFile; fileRef = CE62C80E29F6780300E3BB50 /* CommentModel.swift */; };
		CE62C81129F6786800E3BB50 /* AuthDataModel.swift in Sources */ = {isa = PBXBuildFile; fileRef = CE62C81029F6786800E3BB50 /* AuthDataModel.swift */; };
		CE62C81329F678C200E3BB50 /* TokenModel.swift in Sources */ = {isa = PBXBuildFile; fileRef = CE62C81229F678C200E3BB50 /* TokenModel.swift */; };
		CE62C81529F678EE00E3BB50 /* RegDataModel.swift in Sources */ = {isa = PBXBuildFile; fileRef = CE62C81429F678EE00E3BB50 /* RegDataModel.swift */; };
		CE62C81929F67B7200E3BB50 /* ContentViewModel.swift in Sources */ = {isa = PBXBuildFile; fileRef = CE62C81829F67B7200E3BB50 /* ContentViewModel.swift */; };
		CE62C81B29F67D4100E3BB50 /* GameCardView.swift in Sources */ = {isa = PBXBuildFile; fileRef = CE62C81A29F67D4100E3BB50 /* GameCardView.swift */; };
		CECDB12729FB920700C267ED /* BannerView.swift in Sources */ = {isa = PBXBuildFile; fileRef = CECDB12629FB920700C267ED /* BannerView.swift */; };
		CECDB12929FB9F8B00C267ED /* AchivementCardView.swift in Sources */ = {isa = PBXBuildFile; fileRef = CECDB12829FB9F8B00C267ED /* AchivementCardView.swift */; };
		CECDB12B29FBA4E600C267ED /* GameView.swift in Sources */ = {isa = PBXBuildFile; fileRef = CECDB12A29FBA4E600C267ED /* GameView.swift */; };
		CECDB12D29FBABD900C267ED /* AchivementView.swift in Sources */ = {isa = PBXBuildFile; fileRef = CECDB12C29FBABD900C267ED /* AchivementView.swift */; };
		CED4C7382A0F22150067771D /* Alamofire in Frameworks */ = {isa = PBXBuildFile; productRef = CED4C7372A0F22150067771D /* Alamofire */; };
		CED4C73B2A0F264E0067771D /* GameCard.swift in Sources */ = {isa = PBXBuildFile; fileRef = CED4C73A2A0F264E0067771D /* GameCard.swift */; };
		CED4C73D2A0F2D370067771D /* CommentCardView.swift in Sources */ = {isa = PBXBuildFile; fileRef = CED4C73C2A0F2D370067771D /* CommentCardView.swift */; };
		CED4C7402A0F362D0067771D /* ViewExt.swift in Sources */ = {isa = PBXBuildFile; fileRef = CED4C73F2A0F362D0067771D /* ViewExt.swift */; };
/* End PBXBuildFile section */

/* Begin PBXFileReference section */
		CE62C7F629F66EA600E3BB50 /* Platinum.iOS.app */ = {isa = PBXFileReference; explicitFileType = wrapper.application; includeInIndex = 0; path = Platinum.iOS.app; sourceTree = BUILT_PRODUCTS_DIR; };
		CE62C7F929F66EA600E3BB50 /* Platinum_iOSApp.swift */ = {isa = PBXFileReference; lastKnownFileType = sourcecode.swift; path = Platinum_iOSApp.swift; sourceTree = "<group>"; };
		CE62C7FB29F66EA600E3BB50 /* ContentView.swift */ = {isa = PBXFileReference; lastKnownFileType = sourcecode.swift; path = ContentView.swift; sourceTree = "<group>"; };
		CE62C7FD29F66EA700E3BB50 /* Assets.xcassets */ = {isa = PBXFileReference; lastKnownFileType = folder.assetcatalog; path = Assets.xcassets; sourceTree = "<group>"; };
		CE62C80029F66EA700E3BB50 /* Preview Assets.xcassets */ = {isa = PBXFileReference; lastKnownFileType = folder.assetcatalog; path = "Preview Assets.xcassets"; sourceTree = "<group>"; };
		CE62C80A29F675AD00E3BB50 /* Game.swift */ = {isa = PBXFileReference; lastKnownFileType = sourcecode.swift; path = Game.swift; sourceTree = "<group>"; };
		CE62C80C29F6779800E3BB50 /* Achivement.swift */ = {isa = PBXFileReference; lastKnownFileType = sourcecode.swift; path = Achivement.swift; sourceTree = "<group>"; };
		CE62C80E29F6780300E3BB50 /* CommentModel.swift */ = {isa = PBXFileReference; lastKnownFileType = sourcecode.swift; path = CommentModel.swift; sourceTree = "<group>"; };
		CE62C81029F6786800E3BB50 /* AuthDataModel.swift */ = {isa = PBXFileReference; lastKnownFileType = sourcecode.swift; path = AuthDataModel.swift; sourceTree = "<group>"; };
		CE62C81229F678C200E3BB50 /* TokenModel.swift */ = {isa = PBXFileReference; lastKnownFileType = sourcecode.swift; path = TokenModel.swift; sourceTree = "<group>"; };
		CE62C81429F678EE00E3BB50 /* RegDataModel.swift */ = {isa = PBXFileReference; lastKnownFileType = sourcecode.swift; path = RegDataModel.swift; sourceTree = "<group>"; };
		CE62C81829F67B7200E3BB50 /* ContentViewModel.swift */ = {isa = PBXFileReference; lastKnownFileType = sourcecode.swift; path = ContentViewModel.swift; sourceTree = "<group>"; };
		CE62C81A29F67D4100E3BB50 /* GameCardView.swift */ = {isa = PBXFileReference; lastKnownFileType = sourcecode.swift; path = GameCardView.swift; sourceTree = "<group>"; };
		CECDB12629FB920700C267ED /* BannerView.swift */ = {isa = PBXFileReference; lastKnownFileType = sourcecode.swift; path = BannerView.swift; sourceTree = "<group>"; };
		CECDB12829FB9F8B00C267ED /* AchivementCardView.swift */ = {isa = PBXFileReference; lastKnownFileType = sourcecode.swift; path = AchivementCardView.swift; sourceTree = "<group>"; };
		CECDB12A29FBA4E600C267ED /* GameView.swift */ = {isa = PBXFileReference; lastKnownFileType = sourcecode.swift; path = GameView.swift; sourceTree = "<group>"; };
		CECDB12C29FBABD900C267ED /* AchivementView.swift */ = {isa = PBXFileReference; lastKnownFileType = sourcecode.swift; path = AchivementView.swift; sourceTree = "<group>"; };
		CED4C7392A0F24F30067771D /* Platinum-iOS-Info.plist */ = {isa = PBXFileReference; lastKnownFileType = text.plist; path = "Platinum-iOS-Info.plist"; sourceTree = SOURCE_ROOT; };
		CED4C73A2A0F264E0067771D /* GameCard.swift */ = {isa = PBXFileReference; lastKnownFileType = sourcecode.swift; path = GameCard.swift; sourceTree = "<group>"; };
		CED4C73C2A0F2D370067771D /* CommentCardView.swift */ = {isa = PBXFileReference; lastKnownFileType = sourcecode.swift; path = CommentCardView.swift; sourceTree = "<group>"; };
		CED4C73F2A0F362D0067771D /* ViewExt.swift */ = {isa = PBXFileReference; lastKnownFileType = sourcecode.swift; path = ViewExt.swift; sourceTree = "<group>"; };
/* End PBXFileReference section */

/* Begin PBXFrameworksBuildPhase section */
		CE62C7F329F66EA600E3BB50 /* Frameworks */ = {
			isa = PBXFrameworksBuildPhase;
			buildActionMask = 2147483647;
			files = (
				CED4C7382A0F22150067771D /* Alamofire in Frameworks */,
			);
			runOnlyForDeploymentPostprocessing = 0;
		};
/* End PBXFrameworksBuildPhase section */

/* Begin PBXGroup section */
		CE62C7ED29F66EA600E3BB50 = {
			isa = PBXGroup;
			children = (
				CE62C7F829F66EA600E3BB50 /* Platinum.iOS */,
				CE62C7F729F66EA600E3BB50 /* Products */,
			);
			sourceTree = "<group>";
		};
		CE62C7F729F66EA600E3BB50 /* Products */ = {
			isa = PBXGroup;
			children = (
				CE62C7F629F66EA600E3BB50 /* Platinum.iOS.app */,
			);
			name = Products;
			sourceTree = "<group>";
		};
		CE62C7F829F66EA600E3BB50 /* Platinum.iOS */ = {
			isa = PBXGroup;
			children = (
				CED4C73E2A0F36130067771D /* Extensions */,
				CED4C7392A0F24F30067771D /* Platinum-iOS-Info.plist */,
				CE62C81729F67B3C00E3BB50 /* ViewModels */,
				CE62C81629F67AFB00E3BB50 /* Views */,
				CE62C80729F6758C00E3BB50 /* Models */,
				CE62C7F929F66EA600E3BB50 /* Platinum_iOSApp.swift */,
				CE62C7FB29F66EA600E3BB50 /* ContentView.swift */,
				CE62C7FD29F66EA700E3BB50 /* Assets.xcassets */,
				CE62C7FF29F66EA700E3BB50 /* Preview Content */,
			);
			path = Platinum.iOS;
			sourceTree = "<group>";
		};
		CE62C7FF29F66EA700E3BB50 /* Preview Content */ = {
			isa = PBXGroup;
			children = (
				CE62C80029F66EA700E3BB50 /* Preview Assets.xcassets */,
			);
			path = "Preview Content";
			sourceTree = "<group>";
		};
		CE62C80729F6758C00E3BB50 /* Models */ = {
			isa = PBXGroup;
			children = (
				CE62C80A29F675AD00E3BB50 /* Game.swift */,
				CE62C80C29F6779800E3BB50 /* Achivement.swift */,
				CE62C80E29F6780300E3BB50 /* CommentModel.swift */,
				CE62C81029F6786800E3BB50 /* AuthDataModel.swift */,
				CE62C81229F678C200E3BB50 /* TokenModel.swift */,
				CE62C81429F678EE00E3BB50 /* RegDataModel.swift */,
				CED4C73A2A0F264E0067771D /* GameCard.swift */,
			);
			path = Models;
			sourceTree = "<group>";
		};
		CE62C81629F67AFB00E3BB50 /* Views */ = {
			isa = PBXGroup;
			children = (
				CE62C81A29F67D4100E3BB50 /* GameCardView.swift */,
				CECDB12629FB920700C267ED /* BannerView.swift */,
				CECDB12829FB9F8B00C267ED /* AchivementCardView.swift */,
				CECDB12A29FBA4E600C267ED /* GameView.swift */,
				CECDB12C29FBABD900C267ED /* AchivementView.swift */,
				CED4C73C2A0F2D370067771D /* CommentCardView.swift */,
			);
			path = Views;
			sourceTree = "<group>";
		};
		CE62C81729F67B3C00E3BB50 /* ViewModels */ = {
			isa = PBXGroup;
			children = (
				CE62C81829F67B7200E3BB50 /* ContentViewModel.swift */,
			);
			path = ViewModels;
			sourceTree = "<group>";
		};
		CED4C73E2A0F36130067771D /* Extensions */ = {
			isa = PBXGroup;
			children = (
				CED4C73F2A0F362D0067771D /* ViewExt.swift */,
			);
			path = Extensions;
			sourceTree = "<group>";
		};
/* End PBXGroup section */

/* Begin PBXNativeTarget section */
		CE62C7F529F66EA600E3BB50 /* Platinum.iOS */ = {
			isa = PBXNativeTarget;
			buildConfigurationList = CE62C80429F66EA700E3BB50 /* Build configuration list for PBXNativeTarget "Platinum.iOS" */;
			buildPhases = (
				CE62C7F229F66EA600E3BB50 /* Sources */,
				CE62C7F329F66EA600E3BB50 /* Frameworks */,
				CE62C7F429F66EA600E3BB50 /* Resources */,
			);
			buildRules = (
			);
			dependencies = (
			);
			name = Platinum.iOS;
			packageProductDependencies = (
				CED4C7372A0F22150067771D /* Alamofire */,
			);
			productName = Platinum.iOS;
			productReference = CE62C7F629F66EA600E3BB50 /* Platinum.iOS.app */;
			productType = "com.apple.product-type.application";
		};
/* End PBXNativeTarget section */

/* Begin PBXProject section */
		CE62C7EE29F66EA600E3BB50 /* Project object */ = {
			isa = PBXProject;
			attributes = {
				BuildIndependentTargetsInParallel = 1;
				LastSwiftUpdateCheck = 1400;
				LastUpgradeCheck = 1400;
				TargetAttributes = {
					CE62C7F529F66EA600E3BB50 = {
						CreatedOnToolsVersion = 14.0;
					};
				};
			};
			buildConfigurationList = CE62C7F129F66EA600E3BB50 /* Build configuration list for PBXProject "Platinum.iOS" */;
			compatibilityVersion = "Xcode 14.0";
			developmentRegion = en;
			hasScannedForEncodings = 0;
			knownRegions = (
				en,
				Base,
			);
			mainGroup = CE62C7ED29F66EA600E3BB50;
			packageReferences = (
				CED4C7362A0F22150067771D /* XCRemoteSwiftPackageReference "Alamofire" */,
			);
			productRefGroup = CE62C7F729F66EA600E3BB50 /* Products */;
			projectDirPath = "";
			projectRoot = "";
			targets = (
				CE62C7F529F66EA600E3BB50 /* Platinum.iOS */,
			);
		};
/* End PBXProject section */

/* Begin PBXResourcesBuildPhase section */
		CE62C7F429F66EA600E3BB50 /* Resources */ = {
			isa = PBXResourcesBuildPhase;
			buildActionMask = 2147483647;
			files = (
				CE62C80129F66EA700E3BB50 /* Preview Assets.xcassets in Resources */,
				CE62C7FE29F66EA700E3BB50 /* Assets.xcassets in Resources */,
			);
			runOnlyForDeploymentPostprocessing = 0;
		};
/* End PBXResourcesBuildPhase section */

/* Begin PBXSourcesBuildPhase section */
		CE62C7F229F66EA600E3BB50 /* Sources */ = {
			isa = PBXSourcesBuildPhase;
			buildActionMask = 2147483647;
			files = (
				CECDB12929FB9F8B00C267ED /* AchivementCardView.swift in Sources */,
				CE62C7FC29F66EA600E3BB50 /* ContentView.swift in Sources */,
				CED4C7402A0F362D0067771D /* ViewExt.swift in Sources */,
				CECDB12D29FBABD900C267ED /* AchivementView.swift in Sources */,
				CE62C80B29F675AD00E3BB50 /* Game.swift in Sources */,
				CE62C81329F678C200E3BB50 /* TokenModel.swift in Sources */,
				CE62C80F29F6780300E3BB50 /* CommentModel.swift in Sources */,
				CE62C81129F6786800E3BB50 /* AuthDataModel.swift in Sources */,
				CE62C81929F67B7200E3BB50 /* ContentViewModel.swift in Sources */,
				CED4C73D2A0F2D370067771D /* CommentCardView.swift in Sources */,
				CE62C7FA29F66EA600E3BB50 /* Platinum_iOSApp.swift in Sources */,
				CE62C81529F678EE00E3BB50 /* RegDataModel.swift in Sources */,
				CED4C73B2A0F264E0067771D /* GameCard.swift in Sources */,
				CECDB12729FB920700C267ED /* BannerView.swift in Sources */,
				CE62C81B29F67D4100E3BB50 /* GameCardView.swift in Sources */,
				CECDB12B29FBA4E600C267ED /* GameView.swift in Sources */,
				CE62C80D29F6779800E3BB50 /* Achivement.swift in Sources */,
			);
			runOnlyForDeploymentPostprocessing = 0;
		};
/* End PBXSourcesBuildPhase section */

/* Begin XCBuildConfiguration section */
		CE62C80229F66EA700E3BB50 /* Debug */ = {
			isa = XCBuildConfiguration;
			buildSettings = {
				ALWAYS_SEARCH_USER_PATHS = NO;
				CLANG_ANALYZER_NONNULL = YES;
				CLANG_ANALYZER_NUMBER_OBJECT_CONVERSION = YES_AGGRESSIVE;
				CLANG_CXX_LANGUAGE_STANDARD = "gnu++20";
				CLANG_ENABLE_MODULES = YES;
				CLANG_ENABLE_OBJC_ARC = YES;
				CLANG_ENABLE_OBJC_WEAK = YES;
				CLANG_WARN_BLOCK_CAPTURE_AUTORELEASING = YES;
				CLANG_WARN_BOOL_CONVERSION = YES;
				CLANG_WARN_COMMA = YES;
				CLANG_WARN_CONSTANT_CONVERSION = YES;
				CLANG_WARN_DEPRECATED_OBJC_IMPLEMENTATIONS = YES;
				CLANG_WARN_DIRECT_OBJC_ISA_USAGE = YES_ERROR;
				CLANG_WARN_DOCUMENTATION_COMMENTS = YES;
				CLANG_WARN_EMPTY_BODY = YES;
				CLANG_WARN_ENUM_CONVERSION = YES;
				CLANG_WARN_INFINITE_RECURSION = YES;
				CLANG_WARN_INT_CONVERSION = YES;
				CLANG_WARN_NON_LITERAL_NULL_CONVERSION = YES;
				CLANG_WARN_OBJC_IMPLICIT_RETAIN_SELF = YES;
				CLANG_WARN_OBJC_LITERAL_CONVERSION = YES;
				CLANG_WARN_OBJC_ROOT_CLASS = YES_ERROR;
				CLANG_WARN_QUOTED_INCLUDE_IN_FRAMEWORK_HEADER = YES;
				CLANG_WARN_RANGE_LOOP_ANALYSIS = YES;
				CLANG_WARN_STRICT_PROTOTYPES = YES;
				CLANG_WARN_SUSPICIOUS_MOVE = YES;
				CLANG_WARN_UNGUARDED_AVAILABILITY = YES_AGGRESSIVE;
				CLANG_WARN_UNREACHABLE_CODE = YES;
				CLANG_WARN__DUPLICATE_METHOD_MATCH = YES;
				COPY_PHASE_STRIP = NO;
				DEBUG_INFORMATION_FORMAT = dwarf;
				ENABLE_STRICT_OBJC_MSGSEND = YES;
				ENABLE_TESTABILITY = YES;
				GCC_C_LANGUAGE_STANDARD = gnu11;
				GCC_DYNAMIC_NO_PIC = NO;
				GCC_NO_COMMON_BLOCKS = YES;
				GCC_OPTIMIZATION_LEVEL = 0;
				GCC_PREPROCESSOR_DEFINITIONS = (
					"DEBUG=1",
					"$(inherited)",
				);
				GCC_WARN_64_TO_32_BIT_CONVERSION = YES;
				GCC_WARN_ABOUT_RETURN_TYPE = YES_ERROR;
				GCC_WARN_UNDECLARED_SELECTOR = YES;
				GCC_WARN_UNINITIALIZED_AUTOS = YES_AGGRESSIVE;
				GCC_WARN_UNUSED_FUNCTION = YES;
				GCC_WARN_UNUSED_VARIABLE = YES;
				IPHONEOS_DEPLOYMENT_TARGET = 16.0;
				MTL_ENABLE_DEBUG_INFO = INCLUDE_SOURCE;
				MTL_FAST_MATH = YES;
				ONLY_ACTIVE_ARCH = YES;
				SDKROOT = iphoneos;
				SWIFT_ACTIVE_COMPILATION_CONDITIONS = DEBUG;
				SWIFT_OPTIMIZATION_LEVEL = "-Onone";
			};
			name = Debug;
		};
		CE62C80329F66EA700E3BB50 /* Release */ = {
			isa = XCBuildConfiguration;
			buildSettings = {
				ALWAYS_SEARCH_USER_PATHS = NO;
				CLANG_ANALYZER_NONNULL = YES;
				CLANG_ANALYZER_NUMBER_OBJECT_CONVERSION = YES_AGGRESSIVE;
				CLANG_CXX_LANGUAGE_STANDARD = "gnu++20";
				CLANG_ENABLE_MODULES = YES;
				CLANG_ENABLE_OBJC_ARC = YES;
				CLANG_ENABLE_OBJC_WEAK = YES;
				CLANG_WARN_BLOCK_CAPTURE_AUTORELEASING = YES;
				CLANG_WARN_BOOL_CONVERSION = YES;
				CLANG_WARN_COMMA = YES;
				CLANG_WARN_CONSTANT_CONVERSION = YES;
				CLANG_WARN_DEPRECATED_OBJC_IMPLEMENTATIONS = YES;
				CLANG_WARN_DIRECT_OBJC_ISA_USAGE = YES_ERROR;
				CLANG_WARN_DOCUMENTATION_COMMENTS = YES;
				CLANG_WARN_EMPTY_BODY = YES;
				CLANG_WARN_ENUM_CONVERSION = YES;
				CLANG_WARN_INFINITE_RECURSION = YES;
				CLANG_WARN_INT_CONVERSION = YES;
				CLANG_WARN_NON_LITERAL_NULL_CONVERSION = YES;
				CLANG_WARN_OBJC_IMPLICIT_RETAIN_SELF = YES;
				CLANG_WARN_OBJC_LITERAL_CONVERSION = YES;
				CLANG_WARN_OBJC_ROOT_CLASS = YES_ERROR;
				CLANG_WARN_QUOTED_INCLUDE_IN_FRAMEWORK_HEADER = YES;
				CLANG_WARN_RANGE_LOOP_ANALYSIS = YES;
				CLANG_WARN_STRICT_PROTOTYPES = YES;
				CLANG_WARN_SUSPICIOUS_MOVE = YES;
				CLANG_WARN_UNGUARDED_AVAILABILITY = YES_AGGRESSIVE;
				CLANG_WARN_UNREACHABLE_CODE = YES;
				CLANG_WARN__DUPLICATE_METHOD_MATCH = YES;
				COPY_PHASE_STRIP = NO;
				DEBUG_INFORMATION_FORMAT = "dwarf-with-dsym";
				ENABLE_NS_ASSERTIONS = NO;
				ENABLE_STRICT_OBJC_MSGSEND = YES;
				GCC_C_LANGUAGE_STANDARD = gnu11;
				GCC_NO_COMMON_BLOCKS = YES;
				GCC_WARN_64_TO_32_BIT_CONVERSION = YES;
				GCC_WARN_ABOUT_RETURN_TYPE = YES_ERROR;
				GCC_WARN_UNDECLARED_SELECTOR = YES;
				GCC_WARN_UNINITIALIZED_AUTOS = YES_AGGRESSIVE;
				GCC_WARN_UNUSED_FUNCTION = YES;
				GCC_WARN_UNUSED_VARIABLE = YES;
				IPHONEOS_DEPLOYMENT_TARGET = 16.0;
				MTL_ENABLE_DEBUG_INFO = NO;
				MTL_FAST_MATH = YES;
				SDKROOT = iphoneos;
				SWIFT_COMPILATION_MODE = wholemodule;
				SWIFT_OPTIMIZATION_LEVEL = "-O";
				VALIDATE_PRODUCT = YES;
			};
			name = Release;
		};
		CE62C80529F66EA700E3BB50 /* Debug */ = {
			isa = XCBuildConfiguration;
			buildSettings = {
				ASSETCATALOG_COMPILER_APPICON_NAME = AppIcon;
				ASSETCATALOG_COMPILER_GLOBAL_ACCENT_COLOR_NAME = AccentColor;
				CODE_SIGN_STYLE = Automatic;
				CURRENT_PROJECT_VERSION = 1;
				DEVELOPMENT_ASSET_PATHS = "\"Platinum.iOS/Preview Content\"";
				ENABLE_PREVIEWS = YES;
				GENERATE_INFOPLIST_FILE = YES;
				INFOPLIST_FILE = "Platinum-iOS-Info.plist";
				INFOPLIST_KEY_UIApplicationSceneManifest_Generation = YES;
				INFOPLIST_KEY_UIApplicationSupportsIndirectInputEvents = YES;
				INFOPLIST_KEY_UILaunchScreen_Generation = YES;
				INFOPLIST_KEY_UISupportedInterfaceOrientations_iPad = "UIInterfaceOrientationPortrait UIInterfaceOrientationPortraitUpsideDown UIInterfaceOrientationLandscapeLeft UIInterfaceOrientationLandscapeRight";
				INFOPLIST_KEY_UISupportedInterfaceOrientations_iPhone = "UIInterfaceOrientationPortrait UIInterfaceOrientationLandscapeLeft UIInterfaceOrientationLandscapeRight";
				LD_RUNPATH_SEARCH_PATHS = (
					"$(inherited)",
					"@executable_path/Frameworks",
				);
				MARKETING_VERSION = 1.0;
				PRODUCT_BUNDLE_IDENTIFIER = "nke.Platinum-iOS";
				PRODUCT_NAME = "$(TARGET_NAME)";
				SWIFT_EMIT_LOC_STRINGS = YES;
				SWIFT_VERSION = 5.0;
				TARGETED_DEVICE_FAMILY = "1,2";
			};
			name = Debug;
		};
		CE62C80629F66EA700E3BB50 /* Release */ = {
			isa = XCBuildConfiguration;
			buildSettings = {
				ASSETCATALOG_COMPILER_APPICON_NAME = AppIcon;
				ASSETCATALOG_COMPILER_GLOBAL_ACCENT_COLOR_NAME = AccentColor;
				CODE_SIGN_STYLE = Automatic;
				CURRENT_PROJECT_VERSION = 1;
				DEVELOPMENT_ASSET_PATHS = "\"Platinum.iOS/Preview Content\"";
				ENABLE_PREVIEWS = YES;
				GENERATE_INFOPLIST_FILE = YES;
				INFOPLIST_FILE = "Platinum-iOS-Info.plist";
				INFOPLIST_KEY_UIApplicationSceneManifest_Generation = YES;
				INFOPLIST_KEY_UIApplicationSupportsIndirectInputEvents = YES;
				INFOPLIST_KEY_UILaunchScreen_Generation = YES;
				INFOPLIST_KEY_UISupportedInterfaceOrientations_iPad = "UIInterfaceOrientationPortrait UIInterfaceOrientationPortraitUpsideDown UIInterfaceOrientationLandscapeLeft UIInterfaceOrientationLandscapeRight";
				INFOPLIST_KEY_UISupportedInterfaceOrientations_iPhone = "UIInterfaceOrientationPortrait UIInterfaceOrientationLandscapeLeft UIInterfaceOrientationLandscapeRight";
				LD_RUNPATH_SEARCH_PATHS = (
					"$(inherited)",
					"@executable_path/Frameworks",
				);
				MARKETING_VERSION = 1.0;
				PRODUCT_BUNDLE_IDENTIFIER = "nke.Platinum-iOS";
				PRODUCT_NAME = "$(TARGET_NAME)";
				SWIFT_EMIT_LOC_STRINGS = YES;
				SWIFT_VERSION = 5.0;
				TARGETED_DEVICE_FAMILY = "1,2";
			};
			name = Release;
		};
/* End XCBuildConfiguration section */

/* Begin XCConfigurationList section */
		CE62C7F129F66EA600E3BB50 /* Build configuration list for PBXProject "Platinum.iOS" */ = {
			isa = XCConfigurationList;
			buildConfigurations = (
				CE62C80229F66EA700E3BB50 /* Debug */,
				CE62C80329F66EA700E3BB50 /* Release */,
			);
			defaultConfigurationIsVisible = 0;
			defaultConfigurationName = Release;
		};
		CE62C80429F66EA700E3BB50 /* Build configuration list for PBXNativeTarget "Platinum.iOS" */ = {
			isa = XCConfigurationList;
			buildConfigurations = (
				CE62C80529F66EA700E3BB50 /* Debug */,
				CE62C80629F66EA700E3BB50 /* Release */,
			);
			defaultConfigurationIsVisible = 0;
			defaultConfigurationName = Release;
		};
/* End XCConfigurationList section */

/* Begin XCRemoteSwiftPackageReference section */
		CED4C7362A0F22150067771D /* XCRemoteSwiftPackageReference "Alamofire" */ = {
			isa = XCRemoteSwiftPackageReference;
			repositoryURL = "https://github.com/Alamofire/Alamofire";
			requirement = {
				kind = upToNextMajorVersion;
				minimumVersion = 5.0.0;
			};
		};
/* End XCRemoteSwiftPackageReference section */

/* Begin XCSwiftPackageProductDependency section */
		CED4C7372A0F22150067771D /* Alamofire */ = {
			isa = XCSwiftPackageProductDependency;
			package = CED4C7362A0F22150067771D /* XCRemoteSwiftPackageReference "Alamofire" */;
			productName = Alamofire;
		};
/* End XCSwiftPackageProductDependency section */
	};
	rootObject = CE62C7EE29F66EA600E3BB50 /* Project object */;
}
